{
  "name": "internship_infosys",
  "version": "1.0.0",
  "lockfileVersion": 3,
  "requires": true,
  "packages": {
    "": {
      "name": "internship_infosys",
      "version": "1.0.0",
      "license": "ISC",
      "dependencies": {
        "internship_infosys": "file:",
        "lucide-react": "^0.483.0",
        "react-circular-progressbar": "^2.2.0",
        "react-icons": "^5.5.0"
      }
    },
    "node_modules/internship_infosys": {
      "resolved": "",
      "link": true
    },
    "node_modules/lucide-react": {
      "version": "0.483.0",
      "resolved": "https://registry.npmjs.org/lucide-react/-/lucide-react-0.483.0.tgz",
      "integrity": "sha512-WldsY17Qb/T3VZdMnVQ9C3DDIP7h1ViDTHVdVGnLZcvHNg30zH/MTQ04RTORjexoGmpsXroiQXZ4QyR0kBy0FA==",
      "license": "ISC",
      "peerDependencies": {
        "react": "^16.5.1 || ^17.0.0 || ^18.0.0 || ^19.0.0"
      }
    },
    "node_modules/react": {
      "version": "19.0.0",
      "resolved": "https://registry.npmjs.org/react/-/react-19.0.0.tgz",
      "integrity": "sha512-V8AVnmPIICiWpGfm6GLzCR/W5FXLchHop40W4nXBmdlEceh16rCN8O8LNWm5bh5XUX91fh7KpA+W0TgMKmgTpQ==",
      "license": "MIT",
      "peer": true,
      "engines": {
        "node": ">=0.10.0"
      }
    },
    "node_modules/react-circular-progressbar": {
      "version": "2.2.0",
      "resolved": "https://registry.npmjs.org/react-circular-progressbar/-/react-circular-progressbar-2.2.0.tgz",
      "integrity": "sha512-cgyqEHOzB0nWMZjKfWN3MfSa1LV3OatcDjPz68lchXQUEiBD5O1WsAtoVK4/DSL0B4USR//cTdok4zCBkq8X5g==",
      "license": "MIT",
      "peerDependencies": {
        "react": ">=0.14.0"
      }
    },
    "node_modules/react-icons": {
      "version": "5.5.0",
      "resolved": "https://registry.npmjs.org/react-icons/-/react-icons-5.5.0.tgz",
      "integrity": "sha512-MEFcXdkP3dLo8uumGI5xN3lDFNsRtrjbOEKDLD7yv76v4wpnEq2Lt2qeHaQOr34I/wPN3s3+N08WkQ+CW37Xiw==",
      "license": "MIT",
      "peerDependencies": {
        "react": "*"
      }
    }
  }
}
